
Microsoft Visual Studio Solution File, Format Version 11.00
# Visual Studio 2010
Project("{FAE04EC0-301F-11D3-BF4B-00C04F79EFBC}") = "Student Management", "Student Management\Student Management.csproj", "{057AFBD5-2DEF-4E6F-9806-0C0C59E4608A}"
EndProject
Global
	GlobalSection(SolutionConfigurationPlatforms) = preSolution
		Debug|Any CPU = Debug|Any CPU
		Release|Any CPU = Release|Any CPU
	EndGlobalSection
	GlobalSection(ProjectConfigurationPlatforms) = postSolution
		{057AFBD5-2DEF-4E6F-9806-0C0C59E4608A}.Debug|Any CPU.ActiveCfg = Debug|Any CPU
		{057AFBD5-2DEF-4E6F-9806-0C0C59E4608A}.Debug|Any CPU.Build.0 = Debug|Any CPU
		{057AFBD5-2DEF-4E6F-9806-0C0C59E4608A}.Release|Any CPU.ActiveCfg = Release|Any CPU
		{057AFBD5-2DEF-4E6F-9806-0C0C59E4608A}.Release|Any CPU.Build.0 = Release|Any CPU
	EndGlobalSection
	GlobalSection(SolutionProperties) = preSolution
		HideSolutionNode = FALSE
	EndGlobalSection
EndGlobal
